{
  "requires": true,
  "lockfileVersion": 1,
  "dependencies": {
    "ag-charts-community": {
      "version": "10.0.2",
      "resolved": "https://registry.npmjs.org/ag-charts-community/-/ag-charts-community-10.0.2.tgz",
      "integrity": "sha512-OOlyH/YH6k6+uqAQZMwV4UCvI5Ue6K5KDmtTsGWKRNXi5iCBtJgudG0vKq/IP5c+nP8Ybk1Z9Z61m0E6yLIDHw==",
      "requires": {
        "ag-charts-locale": "10.0.2",
        "ag-charts-types": "10.0.2"
      }
    },
    "ag-charts-locale": {
      "version": "10.0.2",
      "resolved": "https://registry.npmjs.org/ag-charts-locale/-/ag-charts-locale-10.0.2.tgz",
      "integrity": "sha512-QLsLLZA3R39+ppIpZzfplxuIFCYYC1YiZs6otmyItrxFsfWOriQmO1GFrVznEdKadp3dR4gnuQvMhRkccD9DUA=="
    },
    "ag-charts-types": {
      "version": "10.0.2",
      "resolved": "https://registry.npmjs.org/ag-charts-types/-/ag-charts-types-10.0.2.tgz",
      "integrity": "sha512-Nxo5slHOXlaeg0gRIsVnovAosQzzlYfWJtdDy0Aq/VvpJru/PJ+5i2c9aCyEhgRxhBjImsoegwkgRj7gNOWV6Q=="
    },
    "ag-grid-community": {
      "version": "32.0.2",
      "resolved": "https://registry.npmjs.org/ag-grid-community/-/ag-grid-community-32.0.2.tgz",
      "integrity": "sha512-vLJJUjnsG9hNK41GNuW2EHu1W264kxA/poOpcX4kmyrjU5Uzvelsbj3HdKAO9POV28iqyRdKGYfAWdn8QzA7KA==",
      "requires": {
        "ag-charts-types": "10.0.2"
      }
    },
    "ag-grid-enterprise": {
      "version": "32.0.2",
      "resolved": "https://registry.npmjs.org/ag-grid-enterprise/-/ag-grid-enterprise-32.0.2.tgz",
      "integrity": "sha512-bp4CvUYYITJhPIfAyT6DkvnXamQ/ZVB3exnNJ4BPmQnfvWyu1hjN+FNE19Jx8U4/FjPi7Yut/lYR09sbAlGrjQ==",
      "requires": {
        "ag-charts-community": "10.0.2",
        "ag-grid-community": "32.0.2"
      }
    }
  }
}
